
Microsoft Visual Studio Solution File, Format Version 12.00
# Visual Studio Version 17
VisualStudioVersion = 17.3.32901.215
MinimumVisualStudioVersion = 10.0.40219.1
Project("{FAE04EC0-301F-11D3-BF4B-00C04F79EFBC}") = "P2_2_1214081", "P2_2_1214081\P2_2_1214081.csproj", "{636B4DE5-7F54-44F2-A8C2-D58CEC887A71}"
EndProject
Global
	GlobalSection(SolutionConfigurationPlatforms) = preSolution
		Debug|Any CPU = Debug|Any CPU
		Release|Any CPU = Release|Any CPU
	EndGlobalSection
	GlobalSection(ProjectConfigurationPlatforms) = postSolution
		{636B4DE5-7F54-44F2-A8C2-D58CEC887A71}.Debug|Any CPU.ActiveCfg = Debug|Any CPU
		{636B4DE5-7F54-44F2-A8C2-D58CEC887A71}.Debug|Any CPU.Build.0 = Debug|Any CPU
		{636B4DE5-7F54-44F2-A8C2-D58CEC887A71}.Release|Any CPU.ActiveCfg = Release|Any CPU
		{636B4DE5-7F54-44F2-A8C2-D58CEC887A71}.Release|Any CPU.Build.0 = Release|Any CPU
	EndGlobalSection
	GlobalSection(SolutionProperties) = preSolution
		HideSolutionNode = FALSE
	EndGlobalSection
	GlobalSection(ExtensibilityGlobals) = postSolution
		SolutionGuid = {D9942269-8673-425C-BB0A-6292D0D069EF}
	EndGlobalSection
EndGlobal
